
Microsoft Visual Studio Solution File, Format Version 12.00
# Visual Studio Version 17
VisualStudioVersion = 17.8.34525.116
MinimumVisualStudioVersion = 10.0.40219.1
Project("{FAE04EC0-301F-11D3-BF4B-00C04F79EFBC}") = "testt", "testt\testt.csproj", "{8CB5C704-8506-41BE-BE1A-7C78D1F3AB61}"
EndProject
Global
	GlobalSection(SolutionConfigurationPlatforms) = preSolution
		Debug|Any CPU = Debug|Any CPU
		Release|Any CPU = Release|Any CPU
	EndGlobalSection
	GlobalSection(ProjectConfigurationPlatforms) = postSolution
		{8CB5C704-8506-41BE-BE1A-7C78D1F3AB61}.Debug|Any CPU.ActiveCfg = Debug|Any CPU
		{8CB5C704-8506-41BE-BE1A-7C78D1F3AB61}.Debug|Any CPU.Build.0 = Debug|Any CPU
		{8CB5C704-8506-41BE-BE1A-7C78D1F3AB61}.Release|Any CPU.ActiveCfg = Release|Any CPU
		{8CB5C704-8506-41BE-BE1A-7C78D1F3AB61}.Release|Any CPU.Build.0 = Release|Any CPU
	EndGlobalSection
	GlobalSection(SolutionProperties) = preSolution
		HideSolutionNode = FALSE
	EndGlobalSection
	GlobalSection(ExtensibilityGlobals) = postSolution
		SolutionGuid = {A0F5DED8-5BE8-4866-B692-96F862254D3C}
	EndGlobalSection
EndGlobal
